
Microsoft Visual Studio Solution File, Format Version 12.00
# Visual Studio Version 17
VisualStudioVersion = 17.11.35327.3
MinimumVisualStudioVersion = 10.0.40219.1
Project("{FAE04EC0-301F-11D3-BF4B-00C04F79EFBC}") = "HealthMonitorApp", "HealthMonitorApp\HealthMonitorApp.csproj", "{E5461CED-CC8A-4E42-ADE4-291C1B701B4A}"
EndProject
Project("{FAE04EC0-301F-11D3-BF4B-00C04F79EFBC}") = "FunctionApp1", "FunctionApp1\FunctionApp1.csproj", "{629E3BD6-9F59-47D7-A95C-45EEB9491E38}"
EndProject
Project("{FAE04EC0-301F-11D3-BF4B-00C04F79EFBC}") = "WebAndLoadTestProject1", "WebAndLoadTestProject1\WebAndLoadTestProject1.csproj", "{F7640C4C-DBB1-4096-9655-96DCEA7F2FB2}"
EndProject
Project("{2150E333-8FDC-42A3-9474-1A3956D46DE8}") = "Solution Items", "Solution Items", "{BC62CF1A-A38D-4E34-8FF0-FA2EB181F854}"
	ProjectSection(SolutionItems) = preProject
		Local.testsettings = Local.testsettings
	EndProjectSection
EndProject
Global
	GlobalSection(SolutionConfigurationPlatforms) = preSolution
		Debug|Any CPU = Debug|Any CPU
		Release|Any CPU = Release|Any CPU
	EndGlobalSection
	GlobalSection(ProjectConfigurationPlatforms) = postSolution
		{E5461CED-CC8A-4E42-ADE4-291C1B701B4A}.Debug|Any CPU.ActiveCfg = Debug|Any CPU
		{E5461CED-CC8A-4E42-ADE4-291C1B701B4A}.Debug|Any CPU.Build.0 = Debug|Any CPU
		{E5461CED-CC8A-4E42-ADE4-291C1B701B4A}.Release|Any CPU.ActiveCfg = Release|Any CPU
		{E5461CED-CC8A-4E42-ADE4-291C1B701B4A}.Release|Any CPU.Build.0 = Release|Any CPU
		{629E3BD6-9F59-47D7-A95C-45EEB9491E38}.Debug|Any CPU.ActiveCfg = Debug|Any CPU
		{629E3BD6-9F59-47D7-A95C-45EEB9491E38}.Debug|Any CPU.Build.0 = Debug|Any CPU
		{629E3BD6-9F59-47D7-A95C-45EEB9491E38}.Release|Any CPU.ActiveCfg = Release|Any CPU
		{629E3BD6-9F59-47D7-A95C-45EEB9491E38}.Release|Any CPU.Build.0 = Release|Any CPU
		{F7640C4C-DBB1-4096-9655-96DCEA7F2FB2}.Debug|Any CPU.ActiveCfg = Debug|Any CPU
		{F7640C4C-DBB1-4096-9655-96DCEA7F2FB2}.Debug|Any CPU.Build.0 = Debug|Any CPU
		{F7640C4C-DBB1-4096-9655-96DCEA7F2FB2}.Release|Any CPU.ActiveCfg = Release|Any CPU
		{F7640C4C-DBB1-4096-9655-96DCEA7F2FB2}.Release|Any CPU.Build.0 = Release|Any CPU
	EndGlobalSection
	GlobalSection(SolutionProperties) = preSolution
		HideSolutionNode = FALSE
	EndGlobalSection
	GlobalSection(ExtensibilityGlobals) = postSolution
		SolutionGuid = {FB3B49B7-248A-49D3-A74D-83DD98FE7C48}
	EndGlobalSection
EndGlobal
